
Microsoft Visual Studio Solution File, Format Version 12.00
# Visual Studio Version 16
VisualStudioVersion = 16.0.29911.84
MinimumVisualStudioVersion = 10.0.40219.1
Project("{8BC9CEB8-8B4A-11D0-8D11-00A0C91BC942}") = "Sandbox", "Sandbox\Sandbox.vcxproj", "{11B83BEF-430F-4B9D-9EB2-36FF0C5A44B0}"
EndProject
Project("{8BC9CEB8-8B4A-11D0-8D11-00A0C91BC942}") = "Anacardia", "Anacardia\Anacardia.vcxproj", "{17C6B9B6-5193-43A9-8649-612B1FBBDBFD}"
EndProject
Global
	GlobalSection(SolutionConfigurationPlatforms) = preSolution
		Debug|x64 = Debug|x64
		Release|x64 = Release|x64
	EndGlobalSection
	GlobalSection(ProjectConfigurationPlatforms) = postSolution
		{17C6B9B6-5193-43A9-8649-612B1FBBDBFD}.Debug|x64.ActiveCfg = Debug|x64
		{17C6B9B6-5193-43A9-8649-612B1FBBDBFD}.Debug|x64.Build.0 = Debug|x64
		{17C6B9B6-5193-43A9-8649-612B1FBBDBFD}.Release|x64.ActiveCfg = Release|x64
		{17C6B9B6-5193-43A9-8649-612B1FBBDBFD}.Release|x64.Build.0 = Release|x64
		{11B83BEF-430F-4B9D-9EB2-36FF0C5A44B0}.Debug|x64.ActiveCfg = Debug|x64
		{11B83BEF-430F-4B9D-9EB2-36FF0C5A44B0}.Debug|x64.Build.0 = Debug|x64
		{11B83BEF-430F-4B9D-9EB2-36FF0C5A44B0}.Release|x64.ActiveCfg = Release|x64
		{11B83BEF-430F-4B9D-9EB2-36FF0C5A44B0}.Release|x64.Build.0 = Release|x64
	EndGlobalSection
	GlobalSection(SolutionProperties) = preSolution
		HideSolutionNode = FALSE
	EndGlobalSection
	GlobalSection(ExtensibilityGlobals) = postSolution
		SolutionGuid = {96EA12CC-9812-4A76-920B-863B11C687BF}
	EndGlobalSection
EndGlobal
